
Microsoft Visual Studio Solution File, Format Version 12.00
# Visual Studio 15
VisualStudioVersion = 15.0.27130.2036
MinimumVisualStudioVersion = 10.0.40219.1
Project("{FAE04EC0-301F-11D3-BF4B-00C04F79EFBC}") = "SoapWCFDLL", "SoapWCFDLL\SoapWCFDLL.csproj", "{362A9520-7518-4684-B962-C2A03A018E8C}"
EndProject
Global
	GlobalSection(SolutionConfigurationPlatforms) = preSolution
		Debug|Any CPU = Debug|Any CPU
		Release|Any CPU = Release|Any CPU
	EndGlobalSection
	GlobalSection(ProjectConfigurationPlatforms) = postSolution
		{362A9520-7518-4684-B962-C2A03A018E8C}.Debug|Any CPU.ActiveCfg = Debug|Any CPU
		{362A9520-7518-4684-B962-C2A03A018E8C}.Debug|Any CPU.Build.0 = Debug|Any CPU
		{362A9520-7518-4684-B962-C2A03A018E8C}.Release|Any CPU.ActiveCfg = Release|Any CPU
		{362A9520-7518-4684-B962-C2A03A018E8C}.Release|Any CPU.Build.0 = Release|Any CPU
	EndGlobalSection
	GlobalSection(SolutionProperties) = preSolution
		HideSolutionNode = FALSE
	EndGlobalSection
	GlobalSection(ExtensibilityGlobals) = postSolution
		SolutionGuid = {C6489BBA-1608-43F1-8281-092DE53C23CB}
	EndGlobalSection
EndGlobal
